<?xml version="1.0" encoding="UTF-8" standalone="yes" ?>
<CodeBlocks_project_file>
	<FileVersion major="1" minor="6" />
	<Project>
		<Option title="UDJAT Module SysInfo" />
		<Option makefile_is_custom="1" />
		<Option pch_mode="2" />
		<Option compiler="gcc" />
		<Build>
			<Target title="Debug">
				<Option output=".bin/Debug/UDJAT Module VMStat" prefix_auto="1" extension_auto="1" />
				<Option object_output=".obj/Debug/" />
				<Option type="1" />
				<Option compiler="gcc" />
				<Compiler>
					<Add option="-g" />
				</Compiler>
			</Target>
			<Target title="Release">
				<Option output=".bin/Release/UDJAT Module VMStat" prefix_auto="1" extension_auto="1" />
				<Option object_output=".obj/Release/" />
				<Option type="1" />
				<Option compiler="gcc" />
				<Compiler>
					<Add option="-O2" />
				</Compiler>
				<Linker>
					<Add option="-s" />
				</Linker>
			</Target>
		</Build>
		<Compiler>
			<Add option="-Wall" />
		</Compiler>
		<Unit filename="src/include/config.h" />
		<Unit filename="src/include/udjat/tools/disk/stat.h" />
		<Unit filename="src/include/udjat/tools/system/info.h" />
		<Unit filename="src/include/udjat/tools/system/stat.h" />
		<Unit filename="src/library/os/linux/sysinfo.cc" />
		<Unit filename="src/library/os/linux/sysstats.cc" />
		<Unit filename="src/module/diskstat.cc" />
		<Unit filename="src/module/init.cc" />
		<Unit filename="src/module/loadavg.cc" />
		<Unit filename="src/module/memused.cc" />
		<Unit filename="src/module/percent.cc" />
		<Unit filename="src/module/private.h" />
		<Unit filename="src/module/swapused.cc" />
		<Unit filename="src/module/sysstat.cc" />
		<Unit filename="src/module/systime.cc" />
		<Unit filename="src/module/uptime.cc" />
		<Unit filename="src/testprogram/testprogram.cc" />
		<Extensions />
	</Project>
</CodeBlocks_project_file>
